
Microsoft Visual Studio Solution File, Format Version 12.00
# Visual Studio Version 17
VisualStudioVersion = 17.5.2.0
MinimumVisualStudioVersion = 10.0.40219.1
Project("{FAE04EC0-301F-11D3-BF4B-00C04F79EFBC}") = "Test30Maggio", "Test30Maggio\Test30Maggio.csproj", "{0AF173E6-2836-DB19-2C97-CD0874BD3E4A}"
EndProject
Global
	GlobalSection(SolutionConfigurationPlatforms) = preSolution
		Debug|Any CPU = Debug|Any CPU
		Debug|x64 = Debug|x64
		Debug|x86 = Debug|x86
		Release|Any CPU = Release|Any CPU
		Release|x64 = Release|x64
		Release|x86 = Release|x86
	EndGlobalSection
	GlobalSection(ProjectConfigurationPlatforms) = postSolution
		{0AF173E6-2836-DB19-2C97-CD0874BD3E4A}.Debug|Any CPU.ActiveCfg = Debug|Any CPU
		{0AF173E6-2836-DB19-2C97-CD0874BD3E4A}.Debug|Any CPU.Build.0 = Debug|Any CPU
		{0AF173E6-2836-DB19-2C97-CD0874BD3E4A}.Debug|x64.ActiveCfg = Debug|Any CPU
		{0AF173E6-2836-DB19-2C97-CD0874BD3E4A}.Debug|x64.Build.0 = Debug|Any CPU
		{0AF173E6-2836-DB19-2C97-CD0874BD3E4A}.Debug|x86.ActiveCfg = Debug|Any CPU
		{0AF173E6-2836-DB19-2C97-CD0874BD3E4A}.Debug|x86.Build.0 = Debug|Any CPU
		{0AF173E6-2836-DB19-2C97-CD0874BD3E4A}.Release|Any CPU.ActiveCfg = Release|Any CPU
		{0AF173E6-2836-DB19-2C97-CD0874BD3E4A}.Release|Any CPU.Build.0 = Release|Any CPU
		{0AF173E6-2836-DB19-2C97-CD0874BD3E4A}.Release|x64.ActiveCfg = Release|Any CPU
		{0AF173E6-2836-DB19-2C97-CD0874BD3E4A}.Release|x64.Build.0 = Release|Any CPU
		{0AF173E6-2836-DB19-2C97-CD0874BD3E4A}.Release|x86.ActiveCfg = Release|Any CPU
		{0AF173E6-2836-DB19-2C97-CD0874BD3E4A}.Release|x86.Build.0 = Release|Any CPU
	EndGlobalSection
	GlobalSection(SolutionProperties) = preSolution
		HideSolutionNode = FALSE
	EndGlobalSection
	GlobalSection(ExtensibilityGlobals) = postSolution
		SolutionGuid = {1E9A3CA2-E923-453C-BD42-4558A12ECD6D}
	EndGlobalSection
EndGlobal
