Microsoft Visual Studio Solution File, Format Version 12.00
# Visual Studio Version 17
VisualStudioVersion = 17.5.2.0
MinimumVisualStudioVersion = 10.0.40219.1
Project("{FAE04EC0-301F-11D3-BF4B-00C04F79EFBC}") = "EsercizioVideoteca", "EsercizioVideoteca\EsercizioVideoteca.csproj", "{11B9FEA1-D3F0-8793-3605-20ACFB7C0039}"
EndProject
Global
	GlobalSection(SolutionConfigurationPlatforms) = preSolution
		Debug|Any CPU = Debug|Any CPU
		Release|Any CPU = Release|Any CPU
	EndGlobalSection
	GlobalSection(ProjectConfigurationPlatforms) = postSolution
		{11B9FEA1-D3F0-8793-3605-20ACFB7C0039}.Debug|Any CPU.ActiveCfg = Debug|Any CPU
		{11B9FEA1-D3F0-8793-3605-20ACFB7C0039}.Debug|Any CPU.Build.0 = Debug|Any CPU
		{11B9FEA1-D3F0-8793-3605-20ACFB7C0039}.Release|Any CPU.ActiveCfg = Release|Any CPU
		{11B9FEA1-D3F0-8793-3605-20ACFB7C0039}.Release|Any CPU.Build.0 = Release|Any CPU
	EndGlobalSection
	GlobalSection(SolutionProperties) = preSolution
		HideSolutionNode = FALSE
	EndGlobalSection
	GlobalSection(ExtensibilityGlobals) = postSolution
		SolutionGuid = {8DDC1363-0DC6-42A5-AC77-D4B47D02B3B2}
	EndGlobalSection
EndGlobal
