Microsoft Visual Studio Solution File, Format Version 12.00
# Visual Studio Version 17
VisualStudioVersion = 17.5.2.0
MinimumVisualStudioVersion = 10.0.40219.1
Project("{FAE04EC0-301F-11D3-BF4B-00C04F79EFBC}") = "EsercizioIncapsulamento2", "EsercizioIncapsulamento2.csproj", "{8A83A21B-9E3D-260F-E2F6-5C061BD33088}"
EndProject
Global
	GlobalSection(SolutionConfigurationPlatforms) = preSolution
		Debug|Any CPU = Debug|Any CPU
		Release|Any CPU = Release|Any CPU
	EndGlobalSection
	GlobalSection(ProjectConfigurationPlatforms) = postSolution
		{8A83A21B-9E3D-260F-E2F6-5C061BD33088}.Debug|Any CPU.ActiveCfg = Debug|Any CPU
		{8A83A21B-9E3D-260F-E2F6-5C061BD33088}.Debug|Any CPU.Build.0 = Debug|Any CPU
		{8A83A21B-9E3D-260F-E2F6-5C061BD33088}.Release|Any CPU.ActiveCfg = Release|Any CPU
		{8A83A21B-9E3D-260F-E2F6-5C061BD33088}.Release|Any CPU.Build.0 = Release|Any CPU
	EndGlobalSection
	GlobalSection(SolutionProperties) = preSolution
		HideSolutionNode = FALSE
	EndGlobalSection
	GlobalSection(ExtensibilityGlobals) = postSolution
		SolutionGuid = {8755A221-AC2F-45AD-9775-04CA9E4B2F31}
	EndGlobalSection
EndGlobal
